// !$*UTF8*$!
{
	archiveVersion = 1;
	classes = {
	};
	objectVersion = 50;
	objects = {

/* Begin PBXBuildFile section */
		42D6551C25E16FB200DAFAD9 /* AppDelegate.swift in Sources */ = {isa = PBXBuildFile; fileRef = 42D6551B25E16FB200DAFAD9 /* AppDelegate.swift */; };
		42D6551E25E16FB200DAFAD9 /* SceneDelegate.swift in Sources */ = {isa = PBXBuildFile; fileRef = 42D6551D25E16FB200DAFAD9 /* SceneDelegate.swift */; };
		42D6552025E16FB200DAFAD9 /* ViewController.swift in Sources */ = {isa = PBXBuildFile; fileRef = 42D6551F25E16FB200DAFAD9 /* ViewController.swift */; };
		42D6552325E16FB200DAFAD9 /* Main.storyboard in Resources */ = {isa = PBXBuildFile; fileRef = 42D6552125E16FB200DAFAD9 /* Main.storyboard */; };
		42D6552525E16FB700DAFAD9 /* Assets.xcassets in Resources */ = {isa = PBXBuildFile; fileRef = 42D6552425E16FB700DAFAD9 /* Assets.xcassets */; };
		42D6552825E16FB700DAFAD9 /* LaunchScreen.storyboard in Resources */ = {isa = PBXBuildFile; fileRef = 42D6552625E16FB700DAFAD9 /* LaunchScreen.storyboard */; };
		42D6553325E16FB700DAFAD9 /* Flix_1Tests.swift in Sources */ = {isa = PBXBuildFile; fileRef = 42D6553225E16FB700DAFAD9 /* Flix_1Tests.swift */; };
		42D6553E25E16FB800DAFAD9 /* Flix_1UITests.swift in Sources */ = {isa = PBXBuildFile; fileRef = 42D6553D25E16FB800DAFAD9 /* Flix_1UITests.swift */; };
		42D6554F25E19E2000DAFAD9 /* MoviesViewController.swift in Sources */ = {isa = PBXBuildFile; fileRef = 42D6554E25E19E2000DAFAD9 /* MoviesViewController.swift */; };
		42D6555425E1BD1F00DAFAD9 /* MovieCell.swift in Sources */ = {isa = PBXBuildFile; fileRef = 42D6555325E1BD1F00DAFAD9 /* MovieCell.swift */; };
		457516A76BAB4D6C752452BB /* Pods_Flix_1.framework in Frameworks */ = {isa = PBXBuildFile; fileRef = 17FFCC635BCD17185563D259 /* Pods_Flix_1.framework */; };
		6F76715163CE4E50490559D8 /* Pods_Flix_1Tests.framework in Frameworks */ = {isa = PBXBuildFile; fileRef = F8EC32CE6C73832F5ADBC8BA /* Pods_Flix_1Tests.framework */; };
		B5289C5BDE23DB434EC593EC /* Pods_Flix_1_Flix_1UITests.framework in Frameworks */ = {isa = PBXBuildFile; fileRef = 7266420E5723C6A4E597FF37 /* Pods_Flix_1_Flix_1UITests.framework */; };
/* End PBXBuildFile section */

/* Begin PBXContainerItemProxy section */
		42D6552F25E16FB700DAFAD9 /* PBXContainerItemProxy */ = {
			isa = PBXContainerItemProxy;
			containerPortal = 42D6551025E16FB200DAFAD9 /* Project object */;
			proxyType = 1;
			remoteGlobalIDString = 42D6551725E16FB200DAFAD9;
			remoteInfo = "Flix-1";
		};
		42D6553A25E16FB800DAFAD9 /* PBXContainerItemProxy */ = {
			isa = PBXContainerItemProxy;
			containerPortal = 42D6551025E16FB200DAFAD9 /* Project object */;
			proxyType = 1;
			remoteGlobalIDString = 42D6551725E16FB200DAFAD9;
			remoteInfo = "Flix-1";
		};
/* End PBXContainerItemProxy section */

/* Begin PBXFileReference section */
		02ACEFCC9E4015D5A67AB280 /* Pods-Flix-1Tests.release.xcconfig */ = {isa = PBXFileReference; includeInIndex = 1; lastKnownFileType = text.xcconfig; name = "Pods-Flix-1Tests.release.xcconfig"; path = "Target Support Files/Pods-Flix-1Tests/Pods-Flix-1Tests.release.xcconfig"; sourceTree = "<group>"; };
		17FFCC635BCD17185563D259 /* Pods_Flix_1.framework */ = {isa = PBXFileReference; explicitFileType = wrapper.framework; includeInIndex = 0; path = Pods_Flix_1.framework; sourceTree = BUILT_PRODUCTS_DIR; };
		22E10DBE6415BEFADA099389 /* Pods-Flix-1.debug.xcconfig */ = {isa = PBXFileReference; includeInIndex = 1; lastKnownFileType = text.xcconfig; name = "Pods-Flix-1.debug.xcconfig"; path = "Target Support Files/Pods-Flix-1/Pods-Flix-1.debug.xcconfig"; sourceTree = "<group>"; };
		30F00622F6451F71CB38DC94 /* Pods-Flix-1.release.xcconfig */ = {isa = PBXFileReference; includeInIndex = 1; lastKnownFileType = text.xcconfig; name = "Pods-Flix-1.release.xcconfig"; path = "Target Support Files/Pods-Flix-1/Pods-Flix-1.release.xcconfig"; sourceTree = "<group>"; };
		42400861ADA4EE37D680AF3A /* Pods-Flix-1Tests.debug.xcconfig */ = {isa = PBXFileReference; includeInIndex = 1; lastKnownFileType = text.xcconfig; name = "Pods-Flix-1Tests.debug.xcconfig"; path = "Target Support Files/Pods-Flix-1Tests/Pods-Flix-1Tests.debug.xcconfig"; sourceTree = "<group>"; };
		42D6551825E16FB200DAFAD9 /* Flix-1.app */ = {isa = PBXFileReference; explicitFileType = wrapper.application; includeInIndex = 0; path = "Flix-1.app"; sourceTree = BUILT_PRODUCTS_DIR; };
		42D6551B25E16FB200DAFAD9 /* AppDelegate.swift */ = {isa = PBXFileReference; lastKnownFileType = sourcecode.swift; path = AppDelegate.swift; sourceTree = "<group>"; };
		42D6551D25E16FB200DAFAD9 /* SceneDelegate.swift */ = {isa = PBXFileReference; lastKnownFileType = sourcecode.swift; path = SceneDelegate.swift; sourceTree = "<group>"; };
		42D6551F25E16FB200DAFAD9 /* ViewController.swift */ = {isa = PBXFileReference; lastKnownFileType = sourcecode.swift; path = ViewController.swift; sourceTree = "<group>"; };
		42D6552225E16FB200DAFAD9 /* Base */ = {isa = PBXFileReference; lastKnownFileType = file.storyboard; name = Base; path = Base.lproj/Main.storyboard; sourceTree = "<group>"; };
		42D6552425E16FB700DAFAD9 /* Assets.xcassets */ = {isa = PBXFileReference; lastKnownFileType = folder.assetcatalog; path = Assets.xcassets; sourceTree = "<group>"; };
		42D6552725E16FB700DAFAD9 /* Base */ = {isa = PBXFileReference; lastKnownFileType = file.storyboard; name = Base; path = Base.lproj/LaunchScreen.storyboard; sourceTree = "<group>"; };
		42D6552925E16FB700DAFAD9 /* Info.plist */ = {isa = PBXFileReference; lastKnownFileType = text.plist.xml; path = Info.plist; sourceTree = "<group>"; };
		42D6552E25E16FB700DAFAD9 /* Flix-1Tests.xctest */ = {isa = PBXFileReference; explicitFileType = wrapper.cfbundle; includeInIndex = 0; path = "Flix-1Tests.xctest"; sourceTree = BUILT_PRODUCTS_DIR; };
		42D6553225E16FB700DAFAD9 /* Flix_1Tests.swift */ = {isa = PBXFileReference; lastKnownFileType = sourcecode.swift; path = Flix_1Tests.swift; sourceTree = "<group>"; };
		42D6553425E16FB800DAFAD9 /* Info.plist */ = {isa = PBXFileReference; lastKnownFileType = text.plist.xml; path = Info.plist; sourceTree = "<group>"; };
		42D6553925E16FB800DAFAD9 /* Flix-1UITests.xctest */ = {isa = PBXFileReference; explicitFileType = wrapper.cfbundle; includeInIndex = 0; path = "Flix-1UITests.xctest"; sourceTree = BUILT_PRODUCTS_DIR; };
		42D6553D25E16FB800DAFAD9 /* Flix_1UITests.swift */ = {isa = PBXFileReference; lastKnownFileType = sourcecode.swift; path = Flix_1UITests.swift; sourceTree = "<group>"; };
		42D6553F25E16FB800DAFAD9 /* Info.plist */ = {isa = PBXFileReference; lastKnownFileType = text.plist.xml; path = Info.plist; sourceTree = "<group>"; };
		42D6554E25E19E2000DAFAD9 /* MoviesViewController.swift */ = {isa = PBXFileReference; lastKnownFileType = sourcecode.swift; path = MoviesViewController.swift; sourceTree = "<group>"; };
		42D6555325E1BD1F00DAFAD9 /* MovieCell.swift */ = {isa = PBXFileReference; lastKnownFileType = sourcecode.swift; path = MovieCell.swift; sourceTree = "<group>"; };
		6B79AD3B093EE3F02F0EE4AC /* Pods-Flix-1-Flix-1UITests.debug.xcconfig */ = {isa = PBXFileReference; includeInIndex = 1; lastKnownFileType = text.xcconfig; name = "Pods-Flix-1-Flix-1UITests.debug.xcconfig"; path = "Target Support Files/Pods-Flix-1-Flix-1UITests/Pods-Flix-1-Flix-1UITests.debug.xcconfig"; sourceTree = "<group>"; };
		7266420E5723C6A4E597FF37 /* Pods_Flix_1_Flix_1UITests.framework */ = {isa = PBXFileReference; explicitFileType = wrapper.framework; includeInIndex = 0; path = Pods_Flix_1_Flix_1UITests.framework; sourceTree = BUILT_PRODUCTS_DIR; };
		EE361A2722278DA601B598C8 /* Pods-Flix-1-Flix-1UITests.release.xcconfig */ = {isa = PBXFileReference; includeInIndex = 1; lastKnownFileType = text.xcconfig; name = "Pods-Flix-1-Flix-1UITests.release.xcconfig"; path = "Target Support Files/Pods-Flix-1-Flix-1UITests/Pods-Flix-1-Flix-1UITests.release.xcconfig"; sourceTree = "<group>"; };
		F8EC32CE6C73832F5ADBC8BA /* Pods_Flix_1Tests.framework */ = {isa = PBXFileReference; explicitFileType = wrapper.framework; includeInIndex = 0; path = Pods_Flix_1Tests.framework; sourceTree = BUILT_PRODUCTS_DIR; };
/* End PBXFileReference section */

/* Begin PBXFrameworksBuildPhase section */
		42D6551525E16FB200DAFAD9 /* Frameworks */ = {
			isa = PBXFrameworksBuildPhase;
			buildActionMask = 2147483647;
			files = (
				457516A76BAB4D6C752452BB /* Pods_Flix_1.framework in Frameworks */,
			);
			runOnlyForDeploymentPostprocessing = 0;
		};
		42D6552B25E16FB700DAFAD9 /* Frameworks */ = {
			isa = PBXFrameworksBuildPhase;
			buildActionMask = 2147483647;
			files = (
				6F76715163CE4E50490559D8 /* Pods_Flix_1Tests.framework in Frameworks */,
			);
			runOnlyForDeploymentPostprocessing = 0;
		};
		42D6553625E16FB800DAFAD9 /* Frameworks */ = {
			isa = PBXFrameworksBuildPhase;
			buildActionMask = 2147483647;
			files = (
				B5289C5BDE23DB434EC593EC /* Pods_Flix_1_Flix_1UITests.framework in Frameworks */,
			);
			runOnlyForDeploymentPostprocessing = 0;
		};
/* End PBXFrameworksBuildPhase section */

/* Begin PBXGroup section */
		12774BE1700410674CA815D1 /* Frameworks */ = {
			isa = PBXGroup;
			children = (
				17FFCC635BCD17185563D259 /* Pods_Flix_1.framework */,
				7266420E5723C6A4E597FF37 /* Pods_Flix_1_Flix_1UITests.framework */,
				F8EC32CE6C73832F5ADBC8BA /* Pods_Flix_1Tests.framework */,
			);
			name = Frameworks;
			sourceTree = "<group>";
		};
		42D6550F25E16FB200DAFAD9 = {
			isa = PBXGroup;
			children = (
				42D6551A25E16FB200DAFAD9 /* Flix-1 */,
				42D6553125E16FB700DAFAD9 /* Flix-1Tests */,
				42D6553C25E16FB800DAFAD9 /* Flix-1UITests */,
				42D6551925E16FB200DAFAD9 /* Products */,
				4A873E927D16B3859EF76072 /* Pods */,
				12774BE1700410674CA815D1 /* Frameworks */,
			);
			sourceTree = "<group>";
		};
		42D6551925E16FB200DAFAD9 /* Products */ = {
			isa = PBXGroup;
			children = (
				42D6551825E16FB200DAFAD9 /* Flix-1.app */,
				42D6552E25E16FB700DAFAD9 /* Flix-1Tests.xctest */,
				42D6553925E16FB800DAFAD9 /* Flix-1UITests.xctest */,
			);
			name = Products;
			sourceTree = "<group>";
		};
		42D6551A25E16FB200DAFAD9 /* Flix-1 */ = {
			isa = PBXGroup;
			children = (
				42D6551B25E16FB200DAFAD9 /* AppDelegate.swift */,
				42D6551D25E16FB200DAFAD9 /* SceneDelegate.swift */,
				42D6551F25E16FB200DAFAD9 /* ViewController.swift */,
				42D6552125E16FB200DAFAD9 /* Main.storyboard */,
				42D6555325E1BD1F00DAFAD9 /* MovieCell.swift */,
				42D6552425E16FB700DAFAD9 /* Assets.xcassets */,
				42D6552625E16FB700DAFAD9 /* LaunchScreen.storyboard */,
				42D6552925E16FB700DAFAD9 /* Info.plist */,
				42D6554E25E19E2000DAFAD9 /* MoviesViewController.swift */,
			);
			path = "Flix-1";
			sourceTree = "<group>";
		};
		42D6553125E16FB700DAFAD9 /* Flix-1Tests */ = {
			isa = PBXGroup;
			children = (
				42D6553225E16FB700DAFAD9 /* Flix_1Tests.swift */,
				42D6553425E16FB800DAFAD9 /* Info.plist */,
			);
			path = "Flix-1Tests";
			sourceTree = "<group>";
		};
		42D6553C25E16FB800DAFAD9 /* Flix-1UITests */ = {
			isa = PBXGroup;
			children = (
				42D6553D25E16FB800DAFAD9 /* Flix_1UITests.swift */,
				42D6553F25E16FB800DAFAD9 /* Info.plist */,
			);
			path = "Flix-1UITests";
			sourceTree = "<group>";
		};
		4A873E927D16B3859EF76072 /* Pods */ = {
			isa = PBXGroup;
			children = (
				22E10DBE6415BEFADA099389 /* Pods-Flix-1.debug.xcconfig */,
				30F00622F6451F71CB38DC94 /* Pods-Flix-1.release.xcconfig */,
				6B79AD3B093EE3F02F0EE4AC /* Pods-Flix-1-Flix-1UITests.debug.xcconfig */,
				EE361A2722278DA601B598C8 /* Pods-Flix-1-Flix-1UITests.release.xcconfig */,
				42400861ADA4EE37D680AF3A /* Pods-Flix-1Tests.debug.xcconfig */,
				02ACEFCC9E4015D5A67AB280 /* Pods-Flix-1Tests.release.xcconfig */,
			);
			name = Pods;
			path = Pods;
			sourceTree = "<group>";
		};
/* End PBXGroup section */

/* Begin PBXNativeTarget section */
		42D6551725E16FB200DAFAD9 /* Flix-1 */ = {
			isa = PBXNativeTarget;
			buildConfigurationList = 42D6554225E16FB800DAFAD9 /* Build configuration list for PBXNativeTarget "Flix-1" */;
			buildPhases = (
				3A2EC6763E020A73EB8C366D /* [CP] Check Pods Manifest.lock */,
				42D6551425E16FB200DAFAD9 /* Sources */,
				42D6551525E16FB200DAFAD9 /* Frameworks */,
				42D6551625E16FB200DAFAD9 /* Resources */,
				A4CB2D2E04A502A5626A4463 /* [CP] Embed Pods Frameworks */,
			);
			buildRules = (
			);
			dependencies = (
			);
			name = "Flix-1";
			productName = "Flix-1";
			productReference = 42D6551825E16FB200DAFAD9 /* Flix-1.app */;
			productType = "com.apple.product-type.application";
		};
		42D6552D25E16FB700DAFAD9 /* Flix-1Tests */ = {
			isa = PBXNativeTarget;
			buildConfigurationList = 42D6554525E16FB800DAFAD9 /* Build configuration list for PBXNativeTarget "Flix-1Tests" */;
			buildPhases = (
				CEEE569D6090E7F33A3E2B46 /* [CP] Check Pods Manifest.lock */,
				42D6552A25E16FB700DAFAD9 /* Sources */,
				42D6552B25E16FB700DAFAD9 /* Frameworks */,
				42D6552C25E16FB700DAFAD9 /* Resources */,
			);
			buildRules = (
			);
			dependencies = (
				42D6553025E16FB700DAFAD9 /* PBXTargetDependency */,
			);
			name = "Flix-1Tests";
			productName = "Flix-1Tests";
			productReference = 42D6552E25E16FB700DAFAD9 /* Flix-1Tests.xctest */;
			productType = "com.apple.product-type.bundle.unit-test";
		};
		42D6553825E16FB800DAFAD9 /* Flix-1UITests */ = {
			isa = PBXNativeTarget;
			buildConfigurationList = 42D6554825E16FB800DAFAD9 /* Build configuration list for PBXNativeTarget "Flix-1UITests" */;
			buildPhases = (
				6525EBD5FAC12FBCB745D119 /* [CP] Check Pods Manifest.lock */,
				42D6553525E16FB800DAFAD9 /* Sources */,
				42D6553625E16FB800DAFAD9 /* Frameworks */,
				42D6553725E16FB800DAFAD9 /* Resources */,
				BFECCB6B07CD296BA5C5CAEA /* [CP] Embed Pods Frameworks */,
			);
			buildRules = (
			);
			dependencies = (
				42D6553B25E16FB800DAFAD9 /* PBXTargetDependency */,
			);
			name = "Flix-1UITests";
			productName = "Flix-1UITests";
			productReference = 42D6553925E16FB800DAFAD9 /* Flix-1UITests.xctest */;
			productType = "com.apple.product-type.bundle.ui-testing";
		};
/* End PBXNativeTarget section */

/* Begin PBXProject section */
		42D6551025E16FB200DAFAD9 /* Project object */ = {
			isa = PBXProject;
			attributes = {
				LastSwiftUpdateCheck = 1220;
				LastUpgradeCheck = 1220;
				TargetAttributes = {
					42D6551725E16FB200DAFAD9 = {
						CreatedOnToolsVersion = 12.2;
					};
					42D6552D25E16FB700DAFAD9 = {
						CreatedOnToolsVersion = 12.2;
						TestTargetID = 42D6551725E16FB200DAFAD9;
					};
					42D6553825E16FB800DAFAD9 = {
						CreatedOnToolsVersion = 12.2;
						TestTargetID = 42D6551725E16FB200DAFAD9;
					};
				};
			};
			buildConfigurationList = 42D6551325E16FB200DAFAD9 /* Build configuration list for PBXProject "Flix-1" */;
			compatibilityVersion = "Xcode 9.3";
			developmentRegion = en;
			hasScannedForEncodings = 0;
			knownRegions = (
				en,
				Base,
			);
			mainGroup = 42D6550F25E16FB200DAFAD9;
			productRefGroup = 42D6551925E16FB200DAFAD9 /* Products */;
			projectDirPath = "";
			projectRoot = "";
			targets = (
				42D6551725E16FB200DAFAD9 /* Flix-1 */,
				42D6552D25E16FB700DAFAD9 /* Flix-1Tests */,
				42D6553825E16FB800DAFAD9 /* Flix-1UITests */,
			);
		};
/* End PBXProject section */

/* Begin PBXResourcesBuildPhase section */
		42D6551625E16FB200DAFAD9 /* Resources */ = {
			isa = PBXResourcesBuildPhase;
			buildActionMask = 2147483647;
			files = (
				42D6552825E16FB700DAFAD9 /* LaunchScreen.storyboard in Resources */,
				42D6552525E16FB700DAFAD9 /* Assets.xcassets in Resources */,
				42D6552325E16FB200DAFAD9 /* Main.storyboard in Resources */,
			);
			runOnlyForDeploymentPostprocessing = 0;
		};
		42D6552C25E16FB700DAFAD9 /* Resources */ = {
			isa = PBXResourcesBuildPhase;
			buildActionMask = 2147483647;
			files = (
			);
			runOnlyForDeploymentPostprocessing = 0;
		};
		42D6553725E16FB800DAFAD9 /* Resources */ = {
			isa = PBXResourcesBuildPhase;
			buildActionMask = 2147483647;
			files = (
			);
			runOnlyForDeploymentPostprocessing = 0;
		};
/* End PBXResourcesBuildPhase section */

/* Begin PBXShellScriptBuildPhase section */
		3A2EC6763E020A73EB8C366D /* [CP] Check Pods Manifest.lock */ = {
			isa = PBXShellScriptBuildPhase;
			buildActionMask = 2147483647;
			files = (
			);
			inputFileListPaths = (
			);
			inputPaths = (
				"${PODS_PODFILE_DIR_PATH}/Podfile.lock",
				"${PODS_ROOT}/Manifest.lock",
			);
			name = "[CP] Check Pods Manifest.lock";
			outputFileListPaths = (
			);
			outputPaths = (
				"$(DERIVED_FILE_DIR)/Pods-Flix-1-checkManifestLockResult.txt",
			);
			runOnlyForDeploymentPostprocessing = 0;
			shellPath = /bin/sh;
			shellScript = "diff \"${PODS_PODFILE_DIR_PATH}/Podfile.lock\" \"${PODS_ROOT}/Manifest.lock\" > /dev/null\nif [ $? != 0 ] ; then\n    # print error to STDERR\n    echo \"error: The sandbox is not in sync with the Podfile.lock. Run 'pod install' or update your CocoaPods installation.\" >&2\n    exit 1\nfi\n# This output is used by Xcode 'outputs' to avoid re-running this script phase.\necho \"SUCCESS\" > \"${SCRIPT_OUTPUT_FILE_0}\"\n";
			showEnvVarsInLog = 0;
		};
		6525EBD5FAC12FBCB745D119 /* [CP] Check Pods Manifest.lock */ = {
			isa = PBXShellScriptBuildPhase;
			buildActionMask = 2147483647;
			files = (
			);
			inputFileListPaths = (
			);
			inputPaths = (
				"${PODS_PODFILE_DIR_PATH}/Podfile.lock",
				"${PODS_ROOT}/Manifest.lock",
			);
			name = "[CP] Check Pods Manifest.lock";
			outputFileListPaths = (
			);
			outputPaths = (
				"$(DERIVED_FILE_DIR)/Pods-Flix-1-Flix-1UITests-checkManifestLockResult.txt",
			);
			runOnlyForDeploymentPostprocessing = 0;
			shellPath = /bin/sh;
			shellScript = "diff \"${PODS_PODFILE_DIR_PATH}/Podfile.lock\" \"${PODS_ROOT}/Manifest.lock\" > /dev/null\nif [ $? != 0 ] ; then\n    # print error to STDERR\n    echo \"error: The sandbox is not in sync with the Podfile.lock. Run 'pod install' or update your CocoaPods installation.\" >&2\n    exit 1\nfi\n# This output is used by Xcode 'outputs' to avoid re-running this script phase.\necho \"SUCCESS\" > \"${SCRIPT_OUTPUT_FILE_0}\"\n";
			showEnvVarsInLog = 0;
		};
		A4CB2D2E04A502A5626A4463 /* [CP] Embed Pods Frameworks */ = {
			isa = PBXShellScriptBuildPhase;
			buildActionMask = 2147483647;
			files = (
			);
			inputFileListPaths = (
				"${PODS_ROOT}/Target Support Files/Pods-Flix-1/Pods-Flix-1-frameworks-${CONFIGURATION}-input-files.xcfilelist",
			);
			name = "[CP] Embed Pods Frameworks";
			outputFileListPaths = (
				"${PODS_ROOT}/Target Support Files/Pods-Flix-1/Pods-Flix-1-frameworks-${CONFIGURATION}-output-files.xcfilelist",
			);
			runOnlyForDeploymentPostprocessing = 0;
			shellPath = /bin/sh;
			shellScript = "\"${PODS_ROOT}/Target Support Files/Pods-Flix-1/Pods-Flix-1-frameworks.sh\"\n";
			showEnvVarsInLog = 0;
		};
		BFECCB6B07CD296BA5C5CAEA /* [CP] Embed Pods Frameworks */ = {
			isa = PBXShellScriptBuildPhase;
			buildActionMask = 2147483647;
			files = (
			);
			inputFileListPaths = (
				"${PODS_ROOT}/Target Support Files/Pods-Flix-1-Flix-1UITests/Pods-Flix-1-Flix-1UITests-frameworks-${CONFIGURATION}-input-files.xcfilelist",
			);
			name = "[CP] Embed Pods Frameworks";
			outputFileListPaths = (
				"${PODS_ROOT}/Target Support Files/Pods-Flix-1-Flix-1UITests/Pods-Flix-1-Flix-1UITests-frameworks-${CONFIGURATION}-output-files.xcfilelist",
			);
			runOnlyForDeploymentPostprocessing = 0;
			shellPath = /bin/sh;
			shellScript = "\"${PODS_ROOT}/Target Support Files/Pods-Flix-1-Flix-1UITests/Pods-Flix-1-Flix-1UITests-frameworks.sh\"\n";
			showEnvVarsInLog = 0;
		};
		CEEE569D6090E7F33A3E2B46 /* [CP] Check Pods Manifest.lock */ = {
			isa = PBXShellScriptBuildPhase;
			buildActionMask = 2147483647;
			files = (
			);
			inputFileListPaths = (
			);
			inputPaths = (
				"${PODS_PODFILE_DIR_PATH}/Podfile.lock",
				"${PODS_ROOT}/Manifest.lock",
			);
			name = "[CP] Check Pods Manifest.lock";
			outputFileListPaths = (
			);
			outputPaths = (
				"$(DERIVED_FILE_DIR)/Pods-Flix-1Tests-checkManifestLockResult.txt",
			);
			runOnlyForDeploymentPostprocessing = 0;
			shellPath = /bin/sh;
			shellScript = "diff \"${PODS_PODFILE_DIR_PATH}/Podfile.lock\" \"${PODS_ROOT}/Manifest.lock\" > /dev/null\nif [ $? != 0 ] ; then\n    # print error to STDERR\n    echo \"error: The sandbox is not in sync with the Podfile.lock. Run 'pod install' or update your CocoaPods installation.\" >&2\n    exit 1\nfi\n# This output is used by Xcode 'outputs' to avoid re-running this script phase.\necho \"SUCCESS\" > \"${SCRIPT_OUTPUT_FILE_0}\"\n";
			showEnvVarsInLog = 0;
		};
/* End PBXShellScriptBuildPhase section */

/* Begin PBXSourcesBuildPhase section */
		42D6551425E16FB200DAFAD9 /* Sources */ = {
			isa = PBXSourcesBuildPhase;
			buildActionMask = 2147483647;
			files = (
				42D6552025E16FB200DAFAD9 /* ViewController.swift in Sources */,
				42D6551C25E16FB200DAFAD9 /* AppDelegate.swift in Sources */,
				42D6551E25E16FB200DAFAD9 /* SceneDelegate.swift in Sources */,
				42D6555425E1BD1F00DAFAD9 /* MovieCell.swift in Sources */,
				42D6554F25E19E2000DAFAD9 /* MoviesViewController.swift in Sources */,
			);
			runOnlyForDeploymentPostprocessing = 0;
		};
		42D6552A25E16FB700DAFAD9 /* Sources */ = {
			isa = PBXSourcesBuildPhase;
			buildActionMask = 2147483647;
			files = (
				42D6553325E16FB700DAFAD9 /* Flix_1Tests.swift in Sources */,
			);
			runOnlyForDeploymentPostprocessing = 0;
		};
		42D6553525E16FB800DAFAD9 /* Sources */ = {
			isa = PBXSourcesBuildPhase;
			buildActionMask = 2147483647;
			files = (
				42D6553E25E16FB800DAFAD9 /* Flix_1UITests.swift in Sources */,
			);
			runOnlyForDeploymentPostprocessing = 0;
		};
/* End PBXSourcesBuildPhase section */

/* Begin PBXTargetDependency section */
		42D6553025E16FB700DAFAD9 /* PBXTargetDependency */ = {
			isa = PBXTargetDependency;
			target = 42D6551725E16FB200DAFAD9 /* Flix-1 */;
			targetProxy = 42D6552F25E16FB700DAFAD9 /* PBXContainerItemProxy */;
		};
		42D6553B25E16FB800DAFAD9 /* PBXTargetDependency */ = {
			isa = PBXTargetDependency;
			target = 42D6551725E16FB200DAFAD9 /* Flix-1 */;
			targetProxy = 42D6553A25E16FB800DAFAD9 /* PBXContainerItemProxy */;
		};
/* End PBXTargetDependency section */

/* Begin PBXVariantGroup section */
		42D6552125E16FB200DAFAD9 /* Main.storyboard */ = {
			isa = PBXVariantGroup;
			children = (
				42D6552225E16FB200DAFAD9 /* Base */,
			);
			name = Main.storyboard;
			sourceTree = "<group>";
		};
		42D6552625E16FB700DAFAD9 /* LaunchScreen.storyboard */ = {
			isa = PBXVariantGroup;
			children = (
				42D6552725E16FB700DAFAD9 /* Base */,
			);
			name = LaunchScreen.storyboard;
			sourceTree = "<group>";
		};
/* End PBXVariantGroup section */

/* Begin XCBuildConfiguration section */
		42D6554025E16FB800DAFAD9 /* Debug */ = {
			isa = XCBuildConfiguration;
			buildSettings = {
				ALWAYS_SEARCH_USER_PATHS = NO;
				CLANG_ANALYZER_NONNULL = YES;
				CLANG_ANALYZER_NUMBER_OBJECT_CONVERSION = YES_AGGRESSIVE;
				CLANG_CXX_LANGUAGE_STANDARD = "gnu++14";
				CLANG_CXX_LIBRARY = "libc++";
				CLANG_ENABLE_MODULES = YES;
				CLANG_ENABLE_OBJC_ARC = YES;
				CLANG_ENABLE_OBJC_WEAK = YES;
				CLANG_WARN_BLOCK_CAPTURE_AUTORELEASING = YES;
				CLANG_WARN_BOOL_CONVERSION = YES;
				CLANG_WARN_COMMA = YES;
				CLANG_WARN_CONSTANT_CONVERSION = YES;
				CLANG_WARN_DEPRECATED_OBJC_IMPLEMENTATIONS = YES;
				CLANG_WARN_DIRECT_OBJC_ISA_USAGE = YES_ERROR;
				CLANG_WARN_DOCUMENTATION_COMMENTS = YES;
				CLANG_WARN_EMPTY_BODY = YES;
				CLANG_WARN_ENUM_CONVERSION = YES;
				CLANG_WARN_INFINITE_RECURSION = YES;
				CLANG_WARN_INT_CONVERSION = YES;
				CLANG_WARN_NON_LITERAL_NULL_CONVERSION = YES;
				CLANG_WARN_OBJC_IMPLICIT_RETAIN_SELF = YES;
				CLANG_WARN_OBJC_LITERAL_CONVERSION = YES;
				CLANG_WARN_OBJC_ROOT_CLASS = YES_ERROR;
				CLANG_WARN_QUOTED_INCLUDE_IN_FRAMEWORK_HEADER = YES;
				CLANG_WARN_RANGE_LOOP_ANALYSIS = YES;
				CLANG_WARN_STRICT_PROTOTYPES = YES;
				CLANG_WARN_SUSPICIOUS_MOVE = YES;
				CLANG_WARN_UNGUARDED_AVAILABILITY = YES_AGGRESSIVE;
				CLANG_WARN_UNREACHABLE_CODE = YES;
				CLANG_WARN__DUPLICATE_METHOD_MATCH = YES;
				COPY_PHASE_STRIP = NO;
				DEBUG_INFORMATION_FORMAT = dwarf;
				ENABLE_STRICT_OBJC_MSGSEND = YES;
				ENABLE_TESTABILITY = YES;
				GCC_C_LANGUAGE_STANDARD = gnu11;
				GCC_DYNAMIC_NO_PIC = NO;
				GCC_NO_COMMON_BLOCKS = YES;
				GCC_OPTIMIZATION_LEVEL = 0;
				GCC_PREPROCESSOR_DEFINITIONS = (
					"DEBUG=1",
					"$(inherited)",
				);
				GCC_WARN_64_TO_32_BIT_CONVERSION = YES;
				GCC_WARN_ABOUT_RETURN_TYPE = YES_ERROR;
				GCC_WARN_UNDECLARED_SELECTOR = YES;
				GCC_WARN_UNINITIALIZED_AUTOS = YES_AGGRESSIVE;
				GCC_WARN_UNUSED_FUNCTION = YES;
				GCC_WARN_UNUSED_VARIABLE = YES;
				IPHONEOS_DEPLOYMENT_TARGET = 14.2;
				MTL_ENABLE_DEBUG_INFO = INCLUDE_SOURCE;
				MTL_FAST_MATH = YES;
				ONLY_ACTIVE_ARCH = YES;
				SDKROOT = iphoneos;
				SWIFT_ACTIVE_COMPILATION_CONDITIONS = DEBUG;
				SWIFT_OPTIMIZATION_LEVEL = "-Onone";
			};
			name = Debug;
		};
		42D6554125E16FB800DAFAD9 /* Release */ = {
			isa = XCBuildConfiguration;
			buildSettings = {
				ALWAYS_SEARCH_USER_PATHS = NO;
				CLANG_ANALYZER_NONNULL = YES;
				CLANG_ANALYZER_NUMBER_OBJECT_CONVERSION = YES_AGGRESSIVE;
				CLANG_CXX_LANGUAGE_STANDARD = "gnu++14";
				CLANG_CXX_LIBRARY = "libc++";
				CLANG_ENABLE_MODULES = YES;
				CLANG_ENABLE_OBJC_ARC = YES;
				CLANG_ENABLE_OBJC_WEAK = YES;
				CLANG_WARN_BLOCK_CAPTURE_AUTORELEASING = YES;
				CLANG_WARN_BOOL_CONVERSION = YES;
				CLANG_WARN_COMMA = YES;
				CLANG_WARN_CONSTANT_CONVERSION = YES;
				CLANG_WARN_DEPRECATED_OBJC_IMPLEMENTATIONS = YES;
				CLANG_WARN_DIRECT_OBJC_ISA_USAGE = YES_ERROR;
				CLANG_WARN_DOCUMENTATION_COMMENTS = YES;
				CLANG_WARN_EMPTY_BODY = YES;
				CLANG_WARN_ENUM_CONVERSION = YES;
				CLANG_WARN_INFINITE_RECURSION = YES;
				CLANG_WARN_INT_CONVERSION = YES;
				CLANG_WARN_NON_LITERAL_NULL_CONVERSION = YES;
				CLANG_WARN_OBJC_IMPLICIT_RETAIN_SELF = YES;
				CLANG_WARN_OBJC_LITERAL_CONVERSION = YES;
				CLANG_WARN_OBJC_ROOT_CLASS = YES_ERROR;
				CLANG_WARN_QUOTED_INCLUDE_IN_FRAMEWORK_HEADER = YES;
				CLANG_WARN_RANGE_LOOP_ANALYSIS = YES;
				CLANG_WARN_STRICT_PROTOTYPES = YES;
				CLANG_WARN_SUSPICIOUS_MOVE = YES;
				CLANG_WARN_UNGUARDED_AVAILABILITY = YES_AGGRESSIVE;
				CLANG_WARN_UNREACHABLE_CODE = YES;
				CLANG_WARN__DUPLICATE_METHOD_MATCH = YES;
				COPY_PHASE_STRIP = NO;
				DEBUG_INFORMATION_FORMAT = "dwarf-with-dsym";
				ENABLE_NS_ASSERTIONS = NO;
				ENABLE_STRICT_OBJC_MSGSEND = YES;
				GCC_C_LANGUAGE_STANDARD = gnu11;
				GCC_NO_COMMON_BLOCKS = YES;
				GCC_WARN_64_TO_32_BIT_CONVERSION = YES;
				GCC_WARN_ABOUT_RETURN_TYPE = YES_ERROR;
				GCC_WARN_UNDECLARED_SELECTOR = YES;
				GCC_WARN_UNINITIALIZED_AUTOS = YES_AGGRESSIVE;
				GCC_WARN_UNUSED_FUNCTION = YES;
				GCC_WARN_UNUSED_VARIABLE = YES;
				IPHONEOS_DEPLOYMENT_TARGET = 14.2;
				MTL_ENABLE_DEBUG_INFO = NO;
				MTL_FAST_MATH = YES;
				SDKROOT = iphoneos;
				SWIFT_COMPILATION_MODE = wholemodule;
				SWIFT_OPTIMIZATION_LEVEL = "-O";
				VALIDATE_PRODUCT = YES;
			};
			name = Release;
		};
		42D6554325E16FB800DAFAD9 /* Debug */ = {
			isa = XCBuildConfiguration;
			baseConfigurationReference = 22E10DBE6415BEFADA099389 /* Pods-Flix-1.debug.xcconfig */;
			buildSettings = {
				ASSETCATALOG_COMPILER_APPICON_NAME = AppIcon;
				ASSETCATALOG_COMPILER_GLOBAL_ACCENT_COLOR_NAME = AccentColor;
				CODE_SIGN_STYLE = Automatic;
				INFOPLIST_FILE = "Flix-1/Info.plist";
				LD_RUNPATH_SEARCH_PATHS = (
					"$(inherited)",
					"@executable_path/Frameworks",
				);
				PRODUCT_BUNDLE_IDENTIFIER = "samikshakature.Flix-1";
				PRODUCT_NAME = "$(TARGET_NAME)";
				SWIFT_VERSION = 5.0;
				TARGETED_DEVICE_FAMILY = "1,2";
			};
			name = Debug;
		};
		42D6554425E16FB800DAFAD9 /* Release */ = {
			isa = XCBuildConfiguration;
			baseConfigurationReference = 30F00622F6451F71CB38DC94 /* Pods-Flix-1.release.xcconfig */;
			buildSettings = {
				ASSETCATALOG_COMPILER_APPICON_NAME = AppIcon;
				ASSETCATALOG_COMPILER_GLOBAL_ACCENT_COLOR_NAME = AccentColor;
				CODE_SIGN_STYLE = Automatic;
				INFOPLIST_FILE = "Flix-1/Info.plist";
				LD_RUNPATH_SEARCH_PATHS = (
					"$(inherited)",
					"@executable_path/Frameworks",
				);
				PRODUCT_BUNDLE_IDENTIFIER = "samikshakature.Flix-1";
				PRODUCT_NAME = "$(TARGET_NAME)";
				SWIFT_VERSION = 5.0;
				TARGETED_DEVICE_FAMILY = "1,2";
			};
			name = Release;
		};
		42D6554625E16FB800DAFAD9 /* Debug */ = {
			isa = XCBuildConfiguration;
			baseConfigurationReference = 42400861ADA4EE37D680AF3A /* Pods-Flix-1Tests.debug.xcconfig */;
			buildSettings = {
				ALWAYS_EMBED_SWIFT_STANDARD_LIBRARIES = YES;
				BUNDLE_LOADER = "$(TEST_HOST)";
				CODE_SIGN_STYLE = Automatic;
				INFOPLIST_FILE = "Flix-1Tests/Info.plist";
				IPHONEOS_DEPLOYMENT_TARGET = 14.2;
				LD_RUNPATH_SEARCH_PATHS = (
					"$(inherited)",
					"@executable_path/Frameworks",
					"@loader_path/Frameworks",
				);
				PRODUCT_BUNDLE_IDENTIFIER = "samikshakature.Flix-1Tests";
				PRODUCT_NAME = "$(TARGET_NAME)";
				SWIFT_VERSION = 5.0;
				TARGETED_DEVICE_FAMILY = "1,2";
				TEST_HOST = "$(BUILT_PRODUCTS_DIR)/Flix-1.app/Flix-1";
			};
			name = Debug;
		};
		42D6554725E16FB800DAFAD9 /* Release */ = {
			isa = XCBuildConfiguration;
			baseConfigurationReference = 02ACEFCC9E4015D5A67AB280 /* Pods-Flix-1Tests.release.xcconfig */;
			buildSettings = {
				ALWAYS_EMBED_SWIFT_STANDARD_LIBRARIES = YES;
				BUNDLE_LOADER = "$(TEST_HOST)";
				CODE_SIGN_STYLE = Automatic;
				INFOPLIST_FILE = "Flix-1Tests/Info.plist";
				IPHONEOS_DEPLOYMENT_TARGET = 14.2;
				LD_RUNPATH_SEARCH_PATHS = (
					"$(inherited)",
					"@executable_path/Frameworks",
					"@loader_path/Frameworks",
				);
				PRODUCT_BUNDLE_IDENTIFIER = "samikshakature.Flix-1Tests";
				PRODUCT_NAME = "$(TARGET_NAME)";
				SWIFT_VERSION = 5.0;
				TARGETED_DEVICE_FAMILY = "1,2";
				TEST_HOST = "$(BUILT_PRODUCTS_DIR)/Flix-1.app/Flix-1";
			};
			name = Release;
		};
		42D6554925E16FB800DAFAD9 /* Debug */ = {
			isa = XCBuildConfiguration;
			baseConfigurationReference = 6B79AD3B093EE3F02F0EE4AC /* Pods-Flix-1-Flix-1UITests.debug.xcconfig */;
			buildSettings = {
				ALWAYS_EMBED_SWIFT_STANDARD_LIBRARIES = YES;
				CODE_SIGN_STYLE = Automatic;
				INFOPLIST_FILE = "Flix-1UITests/Info.plist";
				LD_RUNPATH_SEARCH_PATHS = (
					"$(inherited)",
					"@executable_path/Frameworks",
					"@loader_path/Frameworks",
				);
				PRODUCT_BUNDLE_IDENTIFIER = "samikshakature.Flix-1UITests";
				PRODUCT_NAME = "$(TARGET_NAME)";
				SWIFT_VERSION = 5.0;
				TARGETED_DEVICE_FAMILY = "1,2";
				TEST_TARGET_NAME = "Flix-1";
			};
			name = Debug;
		};
		42D6554A25E16FB800DAFAD9 /* Release */ = {
			isa = XCBuildConfiguration;
			baseConfigurationReference = EE361A2722278DA601B598C8 /* Pods-Flix-1-Flix-1UITests.release.xcconfig */;
			buildSettings = {
				ALWAYS_EMBED_SWIFT_STANDARD_LIBRARIES = YES;
				CODE_SIGN_STYLE = Automatic;
				INFOPLIST_FILE = "Flix-1UITests/Info.plist";
				LD_RUNPATH_SEARCH_PATHS = (
					"$(inherited)",
					"@executable_path/Frameworks",
					"@loader_path/Frameworks",
				);
				PRODUCT_BUNDLE_IDENTIFIER = "samikshakature.Flix-1UITests";
				PRODUCT_NAME = "$(TARGET_NAME)";
				SWIFT_VERSION = 5.0;
				TARGETED_DEVICE_FAMILY = "1,2";
				TEST_TARGET_NAME = "Flix-1";
			};
			name = Release;
		};
/* End XCBuildConfiguration section */

/* Begin XCConfigurationList section */
		42D6551325E16FB200DAFAD9 /* Build configuration list for PBXProject "Flix-1" */ = {
			isa = XCConfigurationList;
			buildConfigurations = (
				42D6554025E16FB800DAFAD9 /* Debug */,
				42D6554125E16FB800DAFAD9 /* Release */,
			);
			defaultConfigurationIsVisible = 0;
			defaultConfigurationName = Release;
		};
		42D6554225E16FB800DAFAD9 /* Build configuration list for PBXNativeTarget "Flix-1" */ = {
			isa = XCConfigurationList;
			buildConfigurations = (
				42D6554325E16FB800DAFAD9 /* Debug */,
				42D6554425E16FB800DAFAD9 /* Release */,
			);
			defaultConfigurationIsVisible = 0;
			defaultConfigurationName = Release;
		};
		42D6554525E16FB800DAFAD9 /* Build configuration list for PBXNativeTarget "Flix-1Tests" */ = {
			isa = XCConfigurationList;
			buildConfigurations = (
				42D6554625E16FB800DAFAD9 /* Debug */,
				42D6554725E16FB800DAFAD9 /* Release */,
			);
			defaultConfigurationIsVisible = 0;
			defaultConfigurationName = Release;
		};
		42D6554825E16FB800DAFAD9 /* Build configuration list for PBXNativeTarget "Flix-1UITests" */ = {
			isa = XCConfigurationList;
			buildConfigurations = (
				42D6554925E16FB800DAFAD9 /* Debug */,
				42D6554A25E16FB800DAFAD9 /* Release */,
			);
			defaultConfigurationIsVisible = 0;
			defaultConfigurationName = Release;
		};
/* End XCConfigurationList section */
	};
	rootObject = 42D6551025E16FB200DAFAD9 /* Project object */;
}
